
Microsoft Visual Studio Solution File, Format Version 12.00
# Visual Studio Version 17
VisualStudioVersion = 17.5.002.0
MinimumVisualStudioVersion = 10.0.40219.1
Project("{9A19103F-16F7-4668-BE54-9A1E7A4F7556}") = "dataExplorer", "dataExplorer.csproj", "{7E89685C-0EC8-4855-8996-B4A3D545F31B}"
EndProject
Global
	GlobalSection(SolutionConfigurationPlatforms) = preSolution
		Debug|Any CPU = Debug|Any CPU
		Release|Any CPU = Release|Any CPU
	EndGlobalSection
	GlobalSection(ProjectConfigurationPlatforms) = postSolution
		{7E89685C-0EC8-4855-8996-B4A3D545F31B}.Debug|Any CPU.ActiveCfg = Debug|Any CPU
		{7E89685C-0EC8-4855-8996-B4A3D545F31B}.Debug|Any CPU.Build.0 = Debug|Any CPU
		{7E89685C-0EC8-4855-8996-B4A3D545F31B}.Release|Any CPU.ActiveCfg = Release|Any CPU
		{7E89685C-0EC8-4855-8996-B4A3D545F31B}.Release|Any CPU.Build.0 = Release|Any CPU
	EndGlobalSection
	GlobalSection(SolutionProperties) = preSolution
		HideSolutionNode = FALSE
	EndGlobalSection
	GlobalSection(ExtensibilityGlobals) = postSolution
		SolutionGuid = {454602C9-435D-436B-9194-6E52F7CE947E}
	EndGlobalSection
EndGlobal
